
Microsoft Visual Studio Solution File, Format Version 12.00
# Visual Studio Version 16
VisualStudioVersion = 16.0.33423.256
MinimumVisualStudioVersion = 10.0.40219.1
Project("{8BC9CEB8-8B4A-11D0-8D11-00A0C91BC942}") = "01_03_HelloGLFW", "01_03_HelloGLFW\01_03_HelloGLFW.vcxproj", "{7BD4A13D-99EA-4790-AAB5-58BCF55E7321}"
EndProject
Project("{8BC9CEB8-8B4A-11D0-8D11-00A0C91BC942}") = "01_04_CbColor", "01_04_cbColor\01_04_cbColor.vcxproj", "{B30AF008-3899-47C1-9167-4D90FEF53469}"
EndProject
Project("{8BC9CEB8-8B4A-11D0-8D11-00A0C91BC942}") = "02_02_VecAttrVary", "02_02_VecAttrVary\02_02_VecAttrVary.vcxproj", "{694DBB17-F1D1-4A38-BA6A-F3F8E5494231}"
EndProject
Project("{8BC9CEB8-8B4A-11D0-8D11-00A0C91BC942}") = "02_01_shader", "02_01_shader\02_01_shader.vcxproj", "{745DC868-91AD-4DC6-ABB4-8E194F7674C5}"
EndProject
Project("{8BC9CEB8-8B4A-11D0-8D11-00A0C91BC942}") = "02_03_unif_debug", "02_03_unif_debug\02_03_unif_debug.vcxproj", "{47625B4D-8730-4E30-9139-617C0DF9C74F}"
EndProject
Project("{8BC9CEB8-8B4A-11D0-8D11-00A0C91BC942}") = "03_01_simple_anim", "03_01_simple_anim\03_01_simple_anim.vcxproj", "{B8E0D397-CE4C-4203-9098-D7E2F4061CD0}"
EndProject
Project("{8BC9CEB8-8B4A-11D0-8D11-00A0C91BC942}") = "03_02_depth_processing", "03_02_depth_processing\03_02_depth_processing.vcxproj", "{9AAE3C63-5608-40D1-B6E7-4119538725AE}"
EndProject
Project("{8BC9CEB8-8B4A-11D0-8D11-00A0C91BC942}") = "03_03_3D_Coordinate", "03_03_3D_Coordinate\03_03_3D_Coordinate.vcxproj", "{88548E18-E483-4C3E-BB3E-951C908750BE}"
EndProject
Project("{8BC9CEB8-8B4A-11D0-8D11-00A0C91BC942}") = "04_01_Coordinate_Transformation", "04_01_Coordinate_Transformation\04_01_Coordinate_Transformation.vcxproj", "{02D68185-ABCA-4D05-B543-13E0A411ED05}"
EndProject
Project("{8BC9CEB8-8B4A-11D0-8D11-00A0C91BC942}") = "05_03_viewport_plain", "05_03_viewport_plain\05_03_viewport_plain.vcxproj", "{80F88D0B-D448-49EF-923E-B2E2895C8920}"
EndProject
Project("{8BC9CEB8-8B4A-11D0-8D11-00A0C91BC942}") = "06_01_tetrahedron", "06_01_tetrahedron\06_01_tetrahedron.vcxproj", "{B185EF96-E786-4AD6-999A-913E7AABDA2C}"
EndProject
Project("{8BC9CEB8-8B4A-11D0-8D11-00A0C91BC942}") = "04_02_3D_rot_vbo", "04_02_3D_rot_vbo\04_02_3D_rot_vbo.vcxproj", "{991B4452-76CE-4B4E-B8D8-3AEC6250ED77}"
EndProject
Global
	GlobalSection(SolutionConfigurationPlatforms) = preSolution
		Debug|x64 = Debug|x64
		Debug|x86 = Debug|x86
		Release|x64 = Release|x64
		Release|x86 = Release|x86
	EndGlobalSection
	GlobalSection(ProjectConfigurationPlatforms) = postSolution
		{7BD4A13D-99EA-4790-AAB5-58BCF55E7321}.Debug|x64.ActiveCfg = Debug|x64
		{7BD4A13D-99EA-4790-AAB5-58BCF55E7321}.Debug|x64.Build.0 = Debug|x64
		{7BD4A13D-99EA-4790-AAB5-58BCF55E7321}.Debug|x86.ActiveCfg = Debug|Win32
		{7BD4A13D-99EA-4790-AAB5-58BCF55E7321}.Debug|x86.Build.0 = Debug|Win32
		{7BD4A13D-99EA-4790-AAB5-58BCF55E7321}.Release|x64.ActiveCfg = Release|x64
		{7BD4A13D-99EA-4790-AAB5-58BCF55E7321}.Release|x64.Build.0 = Release|x64
		{7BD4A13D-99EA-4790-AAB5-58BCF55E7321}.Release|x86.ActiveCfg = Release|Win32
		{7BD4A13D-99EA-4790-AAB5-58BCF55E7321}.Release|x86.Build.0 = Release|Win32
		{B30AF008-3899-47C1-9167-4D90FEF53469}.Debug|x64.ActiveCfg = Debug|x64
		{B30AF008-3899-47C1-9167-4D90FEF53469}.Debug|x64.Build.0 = Debug|x64
		{B30AF008-3899-47C1-9167-4D90FEF53469}.Debug|x86.ActiveCfg = Debug|Win32
		{B30AF008-3899-47C1-9167-4D90FEF53469}.Debug|x86.Build.0 = Debug|Win32
		{B30AF008-3899-47C1-9167-4D90FEF53469}.Release|x64.ActiveCfg = Release|x64
		{B30AF008-3899-47C1-9167-4D90FEF53469}.Release|x64.Build.0 = Release|x64
		{B30AF008-3899-47C1-9167-4D90FEF53469}.Release|x86.ActiveCfg = Release|Win32
		{B30AF008-3899-47C1-9167-4D90FEF53469}.Release|x86.Build.0 = Release|Win32
		{694DBB17-F1D1-4A38-BA6A-F3F8E5494231}.Debug|x64.ActiveCfg = Debug|x64
		{694DBB17-F1D1-4A38-BA6A-F3F8E5494231}.Debug|x64.Build.0 = Debug|x64
		{694DBB17-F1D1-4A38-BA6A-F3F8E5494231}.Debug|x86.ActiveCfg = Debug|Win32
		{694DBB17-F1D1-4A38-BA6A-F3F8E5494231}.Debug|x86.Build.0 = Debug|Win32
		{694DBB17-F1D1-4A38-BA6A-F3F8E5494231}.Release|x64.ActiveCfg = Release|x64
		{694DBB17-F1D1-4A38-BA6A-F3F8E5494231}.Release|x64.Build.0 = Release|x64
		{694DBB17-F1D1-4A38-BA6A-F3F8E5494231}.Release|x86.ActiveCfg = Release|Win32
		{694DBB17-F1D1-4A38-BA6A-F3F8E5494231}.Release|x86.Build.0 = Release|Win32
		{745DC868-91AD-4DC6-ABB4-8E194F7674C5}.Debug|x64.ActiveCfg = Debug|x64
		{745DC868-91AD-4DC6-ABB4-8E194F7674C5}.Debug|x64.Build.0 = Debug|x64
		{745DC868-91AD-4DC6-ABB4-8E194F7674C5}.Debug|x86.ActiveCfg = Debug|Win32
		{745DC868-91AD-4DC6-ABB4-8E194F7674C5}.Debug|x86.Build.0 = Debug|Win32
		{745DC868-91AD-4DC6-ABB4-8E194F7674C5}.Release|x64.ActiveCfg = Release|x64
		{745DC868-91AD-4DC6-ABB4-8E194F7674C5}.Release|x64.Build.0 = Release|x64
		{745DC868-91AD-4DC6-ABB4-8E194F7674C5}.Release|x86.ActiveCfg = Release|Win32
		{745DC868-91AD-4DC6-ABB4-8E194F7674C5}.Release|x86.Build.0 = Release|Win32
		{47625B4D-8730-4E30-9139-617C0DF9C74F}.Debug|x64.ActiveCfg = Debug|x64
		{47625B4D-8730-4E30-9139-617C0DF9C74F}.Debug|x64.Build.0 = Debug|x64
		{47625B4D-8730-4E30-9139-617C0DF9C74F}.Debug|x86.ActiveCfg = Debug|Win32
		{47625B4D-8730-4E30-9139-617C0DF9C74F}.Debug|x86.Build.0 = Debug|Win32
		{47625B4D-8730-4E30-9139-617C0DF9C74F}.Release|x64.ActiveCfg = Release|x64
		{47625B4D-8730-4E30-9139-617C0DF9C74F}.Release|x64.Build.0 = Release|x64
		{47625B4D-8730-4E30-9139-617C0DF9C74F}.Release|x86.ActiveCfg = Release|Win32
		{47625B4D-8730-4E30-9139-617C0DF9C74F}.Release|x86.Build.0 = Release|Win32
		{B8E0D397-CE4C-4203-9098-D7E2F4061CD0}.Debug|x64.ActiveCfg = Debug|x64
		{B8E0D397-CE4C-4203-9098-D7E2F4061CD0}.Debug|x64.Build.0 = Debug|x64
		{B8E0D397-CE4C-4203-9098-D7E2F4061CD0}.Debug|x86.ActiveCfg = Debug|Win32
		{B8E0D397-CE4C-4203-9098-D7E2F4061CD0}.Debug|x86.Build.0 = Debug|Win32
		{B8E0D397-CE4C-4203-9098-D7E2F4061CD0}.Release|x64.ActiveCfg = Release|x64
		{B8E0D397-CE4C-4203-9098-D7E2F4061CD0}.Release|x64.Build.0 = Release|x64
		{B8E0D397-CE4C-4203-9098-D7E2F4061CD0}.Release|x86.ActiveCfg = Release|Win32
		{B8E0D397-CE4C-4203-9098-D7E2F4061CD0}.Release|x86.Build.0 = Release|Win32
		{9AAE3C63-5608-40D1-B6E7-4119538725AE}.Debug|x64.ActiveCfg = Debug|x64
		{9AAE3C63-5608-40D1-B6E7-4119538725AE}.Debug|x64.Build.0 = Debug|x64
		{9AAE3C63-5608-40D1-B6E7-4119538725AE}.Debug|x86.ActiveCfg = Debug|Win32
		{9AAE3C63-5608-40D1-B6E7-4119538725AE}.Debug|x86.Build.0 = Debug|Win32
		{9AAE3C63-5608-40D1-B6E7-4119538725AE}.Release|x64.ActiveCfg = Release|x64
		{9AAE3C63-5608-40D1-B6E7-4119538725AE}.Release|x64.Build.0 = Release|x64
		{9AAE3C63-5608-40D1-B6E7-4119538725AE}.Release|x86.ActiveCfg = Release|Win32
		{9AAE3C63-5608-40D1-B6E7-4119538725AE}.Release|x86.Build.0 = Release|Win32
		{88548E18-E483-4C3E-BB3E-951C908750BE}.Debug|x64.ActiveCfg = Debug|x64
		{88548E18-E483-4C3E-BB3E-951C908750BE}.Debug|x64.Build.0 = Debug|x64
		{88548E18-E483-4C3E-BB3E-951C908750BE}.Debug|x86.ActiveCfg = Debug|Win32
		{88548E18-E483-4C3E-BB3E-951C908750BE}.Debug|x86.Build.0 = Debug|Win32
		{88548E18-E483-4C3E-BB3E-951C908750BE}.Release|x64.ActiveCfg = Release|x64
		{88548E18-E483-4C3E-BB3E-951C908750BE}.Release|x64.Build.0 = Release|x64
		{88548E18-E483-4C3E-BB3E-951C908750BE}.Release|x86.ActiveCfg = Release|Win32
		{88548E18-E483-4C3E-BB3E-951C908750BE}.Release|x86.Build.0 = Release|Win32
		{02D68185-ABCA-4D05-B543-13E0A411ED05}.Debug|x64.ActiveCfg = Debug|x64
		{02D68185-ABCA-4D05-B543-13E0A411ED05}.Debug|x64.Build.0 = Debug|x64
		{02D68185-ABCA-4D05-B543-13E0A411ED05}.Debug|x86.ActiveCfg = Debug|Win32
		{02D68185-ABCA-4D05-B543-13E0A411ED05}.Debug|x86.Build.0 = Debug|Win32
		{02D68185-ABCA-4D05-B543-13E0A411ED05}.Release|x64.ActiveCfg = Release|x64
		{02D68185-ABCA-4D05-B543-13E0A411ED05}.Release|x64.Build.0 = Release|x64
		{02D68185-ABCA-4D05-B543-13E0A411ED05}.Release|x86.ActiveCfg = Release|Win32
		{02D68185-ABCA-4D05-B543-13E0A411ED05}.Release|x86.Build.0 = Release|Win32
		{80F88D0B-D448-49EF-923E-B2E2895C8920}.Debug|x64.ActiveCfg = Debug|x64
		{80F88D0B-D448-49EF-923E-B2E2895C8920}.Debug|x64.Build.0 = Debug|x64
		{80F88D0B-D448-49EF-923E-B2E2895C8920}.Debug|x86.ActiveCfg = Debug|Win32
		{80F88D0B-D448-49EF-923E-B2E2895C8920}.Debug|x86.Build.0 = Debug|Win32
		{80F88D0B-D448-49EF-923E-B2E2895C8920}.Release|x64.ActiveCfg = Release|x64
		{80F88D0B-D448-49EF-923E-B2E2895C8920}.Release|x64.Build.0 = Release|x64
		{80F88D0B-D448-49EF-923E-B2E2895C8920}.Release|x86.ActiveCfg = Release|Win32
		{80F88D0B-D448-49EF-923E-B2E2895C8920}.Release|x86.Build.0 = Release|Win32
		{B185EF96-E786-4AD6-999A-913E7AABDA2C}.Debug|x64.ActiveCfg = Debug|x64
		{B185EF96-E786-4AD6-999A-913E7AABDA2C}.Debug|x64.Build.0 = Debug|x64
		{B185EF96-E786-4AD6-999A-913E7AABDA2C}.Debug|x86.ActiveCfg = Debug|Win32
		{B185EF96-E786-4AD6-999A-913E7AABDA2C}.Debug|x86.Build.0 = Debug|Win32
		{B185EF96-E786-4AD6-999A-913E7AABDA2C}.Release|x64.ActiveCfg = Release|x64
		{B185EF96-E786-4AD6-999A-913E7AABDA2C}.Release|x64.Build.0 = Release|x64
		{B185EF96-E786-4AD6-999A-913E7AABDA2C}.Release|x86.ActiveCfg = Release|Win32
		{B185EF96-E786-4AD6-999A-913E7AABDA2C}.Release|x86.Build.0 = Release|Win32
		{991B4452-76CE-4B4E-B8D8-3AEC6250ED77}.Debug|x64.ActiveCfg = Debug|x64
		{991B4452-76CE-4B4E-B8D8-3AEC6250ED77}.Debug|x64.Build.0 = Debug|x64
		{991B4452-76CE-4B4E-B8D8-3AEC6250ED77}.Debug|x86.ActiveCfg = Debug|Win32
		{991B4452-76CE-4B4E-B8D8-3AEC6250ED77}.Debug|x86.Build.0 = Debug|Win32
		{991B4452-76CE-4B4E-B8D8-3AEC6250ED77}.Release|x64.ActiveCfg = Release|x64
		{991B4452-76CE-4B4E-B8D8-3AEC6250ED77}.Release|x64.Build.0 = Release|x64
		{991B4452-76CE-4B4E-B8D8-3AEC6250ED77}.Release|x86.ActiveCfg = Release|Win32
		{991B4452-76CE-4B4E-B8D8-3AEC6250ED77}.Release|x86.Build.0 = Release|Win32
	EndGlobalSection
	GlobalSection(SolutionProperties) = preSolution
		HideSolutionNode = FALSE
	EndGlobalSection
	GlobalSection(ExtensibilityGlobals) = postSolution
		SolutionGuid = {9D812F50-6BD9-4385-9EF7-211CA0EA0E64}
	EndGlobalSection
EndGlobal
