
Microsoft Visual Studio Solution File, Format Version 12.00
# Visual Studio Version 16
VisualStudioVersion = 16.0.33423.256
MinimumVisualStudioVersion = 10.0.40219.1
Project("{8BC9CEB8-8B4A-11D0-8D11-00A0C91BC942}") = "01_03_HelloGLFW", "01_03_HelloGLFW\01_03_HelloGLFW.vcxproj", "{7BD4A13D-99EA-4790-AAB5-58BCF55E7321}"
EndProject
Project("{8BC9CEB8-8B4A-11D0-8D11-00A0C91BC942}") = "01_04_cbColor", "01_04_cbColor\01_04_cbColor.vcxproj", "{B30AF008-3899-47C1-9167-4D90FEF53469}"
EndProject
Global
	GlobalSection(SolutionConfigurationPlatforms) = preSolution
		Debug|x64 = Debug|x64
		Debug|x86 = Debug|x86
		Release|x64 = Release|x64
		Release|x86 = Release|x86
	EndGlobalSection
	GlobalSection(ProjectConfigurationPlatforms) = postSolution
		{7BD4A13D-99EA-4790-AAB5-58BCF55E7321}.Debug|x64.ActiveCfg = Debug|x64
		{7BD4A13D-99EA-4790-AAB5-58BCF55E7321}.Debug|x64.Build.0 = Debug|x64
		{7BD4A13D-99EA-4790-AAB5-58BCF55E7321}.Debug|x86.ActiveCfg = Debug|Win32
		{7BD4A13D-99EA-4790-AAB5-58BCF55E7321}.Debug|x86.Build.0 = Debug|Win32
		{7BD4A13D-99EA-4790-AAB5-58BCF55E7321}.Release|x64.ActiveCfg = Release|x64
		{7BD4A13D-99EA-4790-AAB5-58BCF55E7321}.Release|x64.Build.0 = Release|x64
		{7BD4A13D-99EA-4790-AAB5-58BCF55E7321}.Release|x86.ActiveCfg = Release|Win32
		{7BD4A13D-99EA-4790-AAB5-58BCF55E7321}.Release|x86.Build.0 = Release|Win32
		{B30AF008-3899-47C1-9167-4D90FEF53469}.Debug|x64.ActiveCfg = Debug|x64
		{B30AF008-3899-47C1-9167-4D90FEF53469}.Debug|x64.Build.0 = Debug|x64
		{B30AF008-3899-47C1-9167-4D90FEF53469}.Debug|x86.ActiveCfg = Debug|Win32
		{B30AF008-3899-47C1-9167-4D90FEF53469}.Debug|x86.Build.0 = Debug|Win32
		{B30AF008-3899-47C1-9167-4D90FEF53469}.Release|x64.ActiveCfg = Release|x64
		{B30AF008-3899-47C1-9167-4D90FEF53469}.Release|x64.Build.0 = Release|x64
		{B30AF008-3899-47C1-9167-4D90FEF53469}.Release|x86.ActiveCfg = Release|Win32
		{B30AF008-3899-47C1-9167-4D90FEF53469}.Release|x86.Build.0 = Release|Win32
	EndGlobalSection
	GlobalSection(SolutionProperties) = preSolution
		HideSolutionNode = FALSE
	EndGlobalSection
	GlobalSection(ExtensibilityGlobals) = postSolution
		SolutionGuid = {9D812F50-6BD9-4385-9EF7-211CA0EA0E64}
	EndGlobalSection
EndGlobal
